
Microsoft Visual Studio Solution File, Format Version 12.00
# Visual Studio Version 16
VisualStudioVersion = 16.0.30413.136
MinimumVisualStudioVersion = 10.0.40219.1
Project("{FAE04EC0-301F-11D3-BF4B-00C04F79EFBC}") = "ModeloDeColas", "ModeloDeColas.csproj", "{71B954BC-0DB1-4483-AAD3-6104644AE0EF}"
EndProject
Global
	GlobalSection(SolutionConfigurationPlatforms) = preSolution
		Debug|Any CPU = Debug|Any CPU
		Release|Any CPU = Release|Any CPU
	EndGlobalSection
	GlobalSection(ProjectConfigurationPlatforms) = postSolution
		{71B954BC-0DB1-4483-AAD3-6104644AE0EF}.Debug|Any CPU.ActiveCfg = Debug|Any CPU
		{71B954BC-0DB1-4483-AAD3-6104644AE0EF}.Debug|Any CPU.Build.0 = Debug|Any CPU
		{71B954BC-0DB1-4483-AAD3-6104644AE0EF}.Release|Any CPU.ActiveCfg = Release|Any CPU
		{71B954BC-0DB1-4483-AAD3-6104644AE0EF}.Release|Any CPU.Build.0 = Release|Any CPU
	EndGlobalSection
	GlobalSection(SolutionProperties) = preSolution
		HideSolutionNode = FALSE
	EndGlobalSection
	GlobalSection(ExtensibilityGlobals) = postSolution
		SolutionGuid = {5457C599-B138-4633-BA7F-F023A73838DD}
	EndGlobalSection
EndGlobal
